// !$*UTF8*$!
{
	archiveVersion = 1;
	classes = {
	};
	objectVersion = 50;
	objects = {

/* Begin PBXBuildFile section */
		A681EAD82681C94D00FD625D /* Coordinate.swift in Sources */ = {isa = PBXBuildFile; fileRef = A681EAD72681C94D00FD625D /* Coordinate.swift */; };
		A681EADA2681C9A100FD625D /* RouterTest.swift in Sources */ = {isa = PBXBuildFile; fileRef = A681EAD92681C9A100FD625D /* RouterTest.swift */; };
		A681EADC2681C9CB00FD625D /* Router.swift in Sources */ = {isa = PBXBuildFile; fileRef = A681EADB2681C9CB00FD625D /* Router.swift */; };
		A681EADF2681E00400FD625D /* UINavigationController+NavigationController.swift in Sources */ = {isa = PBXBuildFile; fileRef = A681EADE2681E00400FD625D /* UINavigationController+NavigationController.swift */; };
		A681EAE22681E10600FD625D /* UINavigationController+NavigationControllerTest.swift in Sources */ = {isa = PBXBuildFile; fileRef = A681EAE12681E10600FD625D /* UINavigationController+NavigationControllerTest.swift */; };
		A681EAE42681E57400FD625D /* ViewControllerFactory.swift in Sources */ = {isa = PBXBuildFile; fileRef = A681EAE32681E57400FD625D /* ViewControllerFactory.swift */; };
		A681EAE62681E57E00FD625D /* ViewControllerFactoryTest.swift in Sources */ = {isa = PBXBuildFile; fileRef = A681EAE52681E57E00FD625D /* ViewControllerFactoryTest.swift */; };
		A681EAE82681EACA00FD625D /* Store.swift in Sources */ = {isa = PBXBuildFile; fileRef = A681EAE72681EACA00FD625D /* Store.swift */; };
		A681EAEA2681F10200FD625D /* RoutableNavigationControllerTest.swift in Sources */ = {isa = PBXBuildFile; fileRef = A681EAE92681F10200FD625D /* RoutableNavigationControllerTest.swift */; };
		A681EAEC2681F16400FD625D /* RoutableNavigationController.swift in Sources */ = {isa = PBXBuildFile; fileRef = A681EAEB2681F16400FD625D /* RoutableNavigationController.swift */; };
		A681EAEE2681FB3E00FD625D /* WeakRef.swift in Sources */ = {isa = PBXBuildFile; fileRef = A681EAED2681FB3E00FD625D /* WeakRef.swift */; };
		A681EAF02681FB7200FD625D /* WeakRef+NavigationController.swift in Sources */ = {isa = PBXBuildFile; fileRef = A681EAEF2681FB7200FD625D /* WeakRef+NavigationController.swift */; };
		A681EAF22681FB9600FD625D /* WeakRef+NavigationControllerTest.swift in Sources */ = {isa = PBXBuildFile; fileRef = A681EAF12681FB9600FD625D /* WeakRef+NavigationControllerTest.swift */; };
		A681EAF52681FC5E00FD625D /* NavigationControllerSpy.swift in Sources */ = {isa = PBXBuildFile; fileRef = A681EAF42681FC5E00FD625D /* NavigationControllerSpy.swift */; };
		A681EAF72681FCBA00FD625D /* WeakRefTest.swift in Sources */ = {isa = PBXBuildFile; fileRef = A681EAF62681FCBA00FD625D /* WeakRefTest.swift */; };
		A681EAF92682050E00FD625D /* BarButtonItemTest.swift in Sources */ = {isa = PBXBuildFile; fileRef = A681EAF82682050E00FD625D /* BarButtonItemTest.swift */; };
		A681EAFB2682055F00FD625D /* BarButtonItem.swift in Sources */ = {isa = PBXBuildFile; fileRef = A681EAFA2682055F00FD625D /* BarButtonItem.swift */; };
		A681EAFE26820CA600FD625D /* StoreTest.swift in Sources */ = {isa = PBXBuildFile; fileRef = A681EAFD26820CA600FD625D /* StoreTest.swift */; };
		A681EB0026820DD700FD625D /* UIApplication+Application.swift in Sources */ = {isa = PBXBuildFile; fileRef = A681EAFF26820DD700FD625D /* UIApplication+Application.swift */; };
		A681EB0226820ED600FD625D /* ApplicationSpy.swift in Sources */ = {isa = PBXBuildFile; fileRef = A681EB0126820ED600FD625D /* ApplicationSpy.swift */; };
		A681EB07268216F300FD625D /* Factory.swift in Sources */ = {isa = PBXBuildFile; fileRef = A681EB06268216F300FD625D /* Factory.swift */; };
		A681EB092682170D00FD625D /* NavigationController.swift in Sources */ = {isa = PBXBuildFile; fileRef = A681EB082682170D00FD625D /* NavigationController.swift */; };
		A69DA0F1268090F2001BA455 /* AppDelegate.swift in Sources */ = {isa = PBXBuildFile; fileRef = A69DA0F0268090F2001BA455 /* AppDelegate.swift */; };
		A69DA0F3268090F2001BA455 /* SceneDelegate.swift in Sources */ = {isa = PBXBuildFile; fileRef = A69DA0F2268090F2001BA455 /* SceneDelegate.swift */; };
		A69DA0F7268090F3001BA455 /* Assets.xcassets in Resources */ = {isa = PBXBuildFile; fileRef = A69DA0F6268090F3001BA455 /* Assets.xcassets */; };
		A69DA0FA268090F3001BA455 /* Preview Assets.xcassets in Resources */ = {isa = PBXBuildFile; fileRef = A69DA0F9268090F3001BA455 /* Preview Assets.xcassets */; };
		A69DA0FD268090F3001BA455 /* LaunchScreen.storyboard in Resources */ = {isa = PBXBuildFile; fileRef = A69DA0FB268090F3001BA455 /* LaunchScreen.storyboard */; };
		A69DA108268090F4001BA455 /* Wikipedia_DeeplinkTests.swift in Sources */ = {isa = PBXBuildFile; fileRef = A69DA107268090F4001BA455 /* Wikipedia_DeeplinkTests.swift */; };
		A69DA113268090F4001BA455 /* Wikipedia_DeeplinkUITests.swift in Sources */ = {isa = PBXBuildFile; fileRef = A69DA112268090F4001BA455 /* Wikipedia_DeeplinkUITests.swift */; };
		A69DA1232680957E001BA455 /* LocationsViewController.swift in Sources */ = {isa = PBXBuildFile; fileRef = A69DA1222680957E001BA455 /* LocationsViewController.swift */; };
		A69DA12926809854001BA455 /* ViewControllerRepresentable.swift in Sources */ = {isa = PBXBuildFile; fileRef = A69DA12826809854001BA455 /* ViewControllerRepresentable.swift */; };
		A69DA13126809BA5001BA455 /* LocationsViewControllerTest.swift in Sources */ = {isa = PBXBuildFile; fileRef = A69DA13026809BA5001BA455 /* LocationsViewControllerTest.swift */; };
		A6EE3DAD2680C7FF0046E5FE /* LocationsDataSourceTest.swift in Sources */ = {isa = PBXBuildFile; fileRef = A6EE3DAC2680C7FF0046E5FE /* LocationsDataSourceTest.swift */; };
		A6EE3DB22680C84C0046E5FE /* Location.swift in Sources */ = {isa = PBXBuildFile; fileRef = A6EE3DB12680C84C0046E5FE /* Location.swift */; };
		A6EE3DB42680C8760046E5FE /* LocationsDataSource.swift in Sources */ = {isa = PBXBuildFile; fileRef = A6EE3DB32680C8760046E5FE /* LocationsDataSource.swift */; };
		A6EE3DC02681098E0046E5FE /* CoordinatesFormViewControllerTest.swift in Sources */ = {isa = PBXBuildFile; fileRef = A6EE3DBF2681098E0046E5FE /* CoordinatesFormViewControllerTest.swift */; };
		A6EE3DC2268109BB0046E5FE /* CoordinatesFormViewController.swift in Sources */ = {isa = PBXBuildFile; fileRef = A6EE3DC1268109BB0046E5FE /* CoordinatesFormViewController.swift */; };
		A6EE3DC4268110DC0046E5FE /* CoordinatesFormViewController.xib in Resources */ = {isa = PBXBuildFile; fileRef = A6EE3DC3268110DC0046E5FE /* CoordinatesFormViewController.xib */; };
/* End PBXBuildFile section */

/* Begin PBXContainerItemProxy section */
		A69DA104268090F4001BA455 /* PBXContainerItemProxy */ = {
			isa = PBXContainerItemProxy;
			containerPortal = A69DA0E5268090F2001BA455 /* Project object */;
			proxyType = 1;
			remoteGlobalIDString = A69DA0EC268090F2001BA455;
			remoteInfo = "Wikipedia Deeplink";
		};
		A69DA10F268090F4001BA455 /* PBXContainerItemProxy */ = {
			isa = PBXContainerItemProxy;
			containerPortal = A69DA0E5268090F2001BA455 /* Project object */;
			proxyType = 1;
			remoteGlobalIDString = A69DA0EC268090F2001BA455;
			remoteInfo = "Wikipedia Deeplink";
		};
/* End PBXContainerItemProxy section */

/* Begin PBXFileReference section */
		A681EAD72681C94D00FD625D /* Coordinate.swift */ = {isa = PBXFileReference; lastKnownFileType = sourcecode.swift; path = Coordinate.swift; sourceTree = "<group>"; };
		A681EAD92681C9A100FD625D /* RouterTest.swift */ = {isa = PBXFileReference; lastKnownFileType = sourcecode.swift; path = RouterTest.swift; sourceTree = "<group>"; };
		A681EADB2681C9CB00FD625D /* Router.swift */ = {isa = PBXFileReference; lastKnownFileType = sourcecode.swift; path = Router.swift; sourceTree = "<group>"; };
		A681EADE2681E00400FD625D /* UINavigationController+NavigationController.swift */ = {isa = PBXFileReference; lastKnownFileType = sourcecode.swift; path = "UINavigationController+NavigationController.swift"; sourceTree = "<group>"; };
		A681EAE12681E10600FD625D /* UINavigationController+NavigationControllerTest.swift */ = {isa = PBXFileReference; lastKnownFileType = sourcecode.swift; path = "UINavigationController+NavigationControllerTest.swift"; sourceTree = "<group>"; };
		A681EAE32681E57400FD625D /* ViewControllerFactory.swift */ = {isa = PBXFileReference; lastKnownFileType = sourcecode.swift; path = ViewControllerFactory.swift; sourceTree = "<group>"; };
		A681EAE52681E57E00FD625D /* ViewControllerFactoryTest.swift */ = {isa = PBXFileReference; lastKnownFileType = sourcecode.swift; path = ViewControllerFactoryTest.swift; sourceTree = "<group>"; };
		A681EAE72681EACA00FD625D /* Store.swift */ = {isa = PBXFileReference; lastKnownFileType = sourcecode.swift; path = Store.swift; sourceTree = "<group>"; };
		A681EAE92681F10200FD625D /* RoutableNavigationControllerTest.swift */ = {isa = PBXFileReference; lastKnownFileType = sourcecode.swift; path = RoutableNavigationControllerTest.swift; sourceTree = "<group>"; };
		A681EAEB2681F16400FD625D /* RoutableNavigationController.swift */ = {isa = PBXFileReference; lastKnownFileType = sourcecode.swift; path = RoutableNavigationController.swift; sourceTree = "<group>"; };
		A681EAED2681FB3E00FD625D /* WeakRef.swift */ = {isa = PBXFileReference; lastKnownFileType = sourcecode.swift; path = WeakRef.swift; sourceTree = "<group>"; };
		A681EAEF2681FB7200FD625D /* WeakRef+NavigationController.swift */ = {isa = PBXFileReference; lastKnownFileType = sourcecode.swift; path = "WeakRef+NavigationController.swift"; sourceTree = "<group>"; };
		A681EAF12681FB9600FD625D /* WeakRef+NavigationControllerTest.swift */ = {isa = PBXFileReference; lastKnownFileType = sourcecode.swift; path = "WeakRef+NavigationControllerTest.swift"; sourceTree = "<group>"; };
		A681EAF42681FC5E00FD625D /* NavigationControllerSpy.swift */ = {isa = PBXFileReference; lastKnownFileType = sourcecode.swift; path = NavigationControllerSpy.swift; sourceTree = "<group>"; };
		A681EAF62681FCBA00FD625D /* WeakRefTest.swift */ = {isa = PBXFileReference; lastKnownFileType = sourcecode.swift; path = WeakRefTest.swift; sourceTree = "<group>"; };
		A681EAF82682050E00FD625D /* BarButtonItemTest.swift */ = {isa = PBXFileReference; lastKnownFileType = sourcecode.swift; path = BarButtonItemTest.swift; sourceTree = "<group>"; };
		A681EAFA2682055F00FD625D /* BarButtonItem.swift */ = {isa = PBXFileReference; lastKnownFileType = sourcecode.swift; path = BarButtonItem.swift; sourceTree = "<group>"; };
		A681EAFD26820CA600FD625D /* StoreTest.swift */ = {isa = PBXFileReference; lastKnownFileType = sourcecode.swift; path = StoreTest.swift; sourceTree = "<group>"; };
		A681EAFF26820DD700FD625D /* UIApplication+Application.swift */ = {isa = PBXFileReference; lastKnownFileType = sourcecode.swift; path = "UIApplication+Application.swift"; sourceTree = "<group>"; };
		A681EB0126820ED600FD625D /* ApplicationSpy.swift */ = {isa = PBXFileReference; lastKnownFileType = sourcecode.swift; path = ApplicationSpy.swift; sourceTree = "<group>"; };
		A681EB06268216F300FD625D /* Factory.swift */ = {isa = PBXFileReference; lastKnownFileType = sourcecode.swift; path = Factory.swift; sourceTree = "<group>"; };
		A681EB082682170D00FD625D /* NavigationController.swift */ = {isa = PBXFileReference; lastKnownFileType = sourcecode.swift; path = NavigationController.swift; sourceTree = "<group>"; };
		A69DA0ED268090F2001BA455 /* Wikipedia Deeplink.app */ = {isa = PBXFileReference; explicitFileType = wrapper.application; includeInIndex = 0; path = "Wikipedia Deeplink.app"; sourceTree = BUILT_PRODUCTS_DIR; };
		A69DA0F0268090F2001BA455 /* AppDelegate.swift */ = {isa = PBXFileReference; lastKnownFileType = sourcecode.swift; path = AppDelegate.swift; sourceTree = "<group>"; };
		A69DA0F2268090F2001BA455 /* SceneDelegate.swift */ = {isa = PBXFileReference; lastKnownFileType = sourcecode.swift; path = SceneDelegate.swift; sourceTree = "<group>"; };
		A69DA0F6268090F3001BA455 /* Assets.xcassets */ = {isa = PBXFileReference; lastKnownFileType = folder.assetcatalog; path = Assets.xcassets; sourceTree = "<group>"; };
		A69DA0F9268090F3001BA455 /* Preview Assets.xcassets */ = {isa = PBXFileReference; lastKnownFileType = folder.assetcatalog; path = "Preview Assets.xcassets"; sourceTree = "<group>"; };
		A69DA0FC268090F3001BA455 /* Base */ = {isa = PBXFileReference; lastKnownFileType = file.storyboard; name = Base; path = Base.lproj/LaunchScreen.storyboard; sourceTree = "<group>"; };
		A69DA0FE268090F3001BA455 /* Info.plist */ = {isa = PBXFileReference; lastKnownFileType = text.plist.xml; path = Info.plist; sourceTree = "<group>"; };
		A69DA103268090F4001BA455 /* Wikipedia DeeplinkTests.xctest */ = {isa = PBXFileReference; explicitFileType = wrapper.cfbundle; includeInIndex = 0; path = "Wikipedia DeeplinkTests.xctest"; sourceTree = BUILT_PRODUCTS_DIR; };
		A69DA107268090F4001BA455 /* Wikipedia_DeeplinkTests.swift */ = {isa = PBXFileReference; lastKnownFileType = sourcecode.swift; path = Wikipedia_DeeplinkTests.swift; sourceTree = "<group>"; };
		A69DA109268090F4001BA455 /* Info.plist */ = {isa = PBXFileReference; lastKnownFileType = text.plist.xml; path = Info.plist; sourceTree = "<group>"; };
		A69DA10E268090F4001BA455 /* Wikipedia DeeplinkUITests.xctest */ = {isa = PBXFileReference; explicitFileType = wrapper.cfbundle; includeInIndex = 0; path = "Wikipedia DeeplinkUITests.xctest"; sourceTree = BUILT_PRODUCTS_DIR; };
		A69DA112268090F4001BA455 /* Wikipedia_DeeplinkUITests.swift */ = {isa = PBXFileReference; lastKnownFileType = sourcecode.swift; path = Wikipedia_DeeplinkUITests.swift; sourceTree = "<group>"; };
		A69DA114268090F4001BA455 /* Info.plist */ = {isa = PBXFileReference; lastKnownFileType = text.plist.xml; path = Info.plist; sourceTree = "<group>"; };
		A69DA1222680957E001BA455 /* LocationsViewController.swift */ = {isa = PBXFileReference; lastKnownFileType = sourcecode.swift; path = LocationsViewController.swift; sourceTree = "<group>"; };
		A69DA12826809854001BA455 /* ViewControllerRepresentable.swift */ = {isa = PBXFileReference; lastKnownFileType = sourcecode.swift; path = ViewControllerRepresentable.swift; sourceTree = "<group>"; };
		A69DA13026809BA5001BA455 /* LocationsViewControllerTest.swift */ = {isa = PBXFileReference; lastKnownFileType = sourcecode.swift; path = LocationsViewControllerTest.swift; sourceTree = "<group>"; };
		A6EE3DAC2680C7FF0046E5FE /* LocationsDataSourceTest.swift */ = {isa = PBXFileReference; lastKnownFileType = sourcecode.swift; path = LocationsDataSourceTest.swift; sourceTree = "<group>"; };
		A6EE3DB12680C84C0046E5FE /* Location.swift */ = {isa = PBXFileReference; lastKnownFileType = sourcecode.swift; path = Location.swift; sourceTree = "<group>"; };
		A6EE3DB32680C8760046E5FE /* LocationsDataSource.swift */ = {isa = PBXFileReference; lastKnownFileType = sourcecode.swift; path = LocationsDataSource.swift; sourceTree = "<group>"; };
		A6EE3DBF2681098E0046E5FE /* CoordinatesFormViewControllerTest.swift */ = {isa = PBXFileReference; lastKnownFileType = sourcecode.swift; path = CoordinatesFormViewControllerTest.swift; sourceTree = "<group>"; };
		A6EE3DC1268109BB0046E5FE /* CoordinatesFormViewController.swift */ = {isa = PBXFileReference; lastKnownFileType = sourcecode.swift; path = CoordinatesFormViewController.swift; sourceTree = "<group>"; };
		A6EE3DC3268110DC0046E5FE /* CoordinatesFormViewController.xib */ = {isa = PBXFileReference; lastKnownFileType = file.xib; path = CoordinatesFormViewController.xib; sourceTree = "<group>"; };
/* End PBXFileReference section */

/* Begin PBXFrameworksBuildPhase section */
		A69DA0EA268090F2001BA455 /* Frameworks */ = {
			isa = PBXFrameworksBuildPhase;
			buildActionMask = 2147483647;
			files = (
			);
			runOnlyForDeploymentPostprocessing = 0;
		};
		A69DA100268090F4001BA455 /* Frameworks */ = {
			isa = PBXFrameworksBuildPhase;
			buildActionMask = 2147483647;
			files = (
			);
			runOnlyForDeploymentPostprocessing = 0;
		};
		A69DA10B268090F4001BA455 /* Frameworks */ = {
			isa = PBXFrameworksBuildPhase;
			buildActionMask = 2147483647;
			files = (
			);
			runOnlyForDeploymentPostprocessing = 0;
		};
/* End PBXFrameworksBuildPhase section */

/* Begin PBXGroup section */
		A681EADD2681DFF400FD625D /* UIKit Extensions */ = {
			isa = PBXGroup;
			children = (
				A681EADE2681E00400FD625D /* UINavigationController+NavigationController.swift */,
				A681EAFF26820DD700FD625D /* UIApplication+Application.swift */,
			);
			path = "UIKit Extensions";
			sourceTree = "<group>";
		};
		A681EAE02681E0FB00FD625D /* UIKit Extensions */ = {
			isa = PBXGroup;
			children = (
				A681EAE12681E10600FD625D /* UINavigationController+NavigationControllerTest.swift */,
			);
			path = "UIKit Extensions";
			sourceTree = "<group>";
		};
		A681EAF32681FC5300FD625D /* Helpers */ = {
			isa = PBXGroup;
			children = (
				A681EAF42681FC5E00FD625D /* NavigationControllerSpy.swift */,
				A681EB0126820ED600FD625D /* ApplicationSpy.swift */,
			);
			path = Helpers;
			sourceTree = "<group>";
		};
		A681EAFC26820C9F00FD625D /* Model */ = {
			isa = PBXGroup;
			children = (
				A681EAFD26820CA600FD625D /* StoreTest.swift */,
			);
			path = Model;
			sourceTree = "<group>";
		};
		A681EB05268216E300FD625D /* Router */ = {
			isa = PBXGroup;
			children = (
				A681EADB2681C9CB00FD625D /* Router.swift */,
				A681EB06268216F300FD625D /* Factory.swift */,
				A681EB082682170D00FD625D /* NavigationController.swift */,
			);
			path = Router;
			sourceTree = "<group>";
		};
		A69DA0E4268090F2001BA455 = {
			isa = PBXGroup;
			children = (
				A69DA0EF268090F2001BA455 /* Wikipedia Deeplink */,
				A69DA106268090F4001BA455 /* Wikipedia DeeplinkTests */,
				A69DA111268090F4001BA455 /* Wikipedia DeeplinkUITests */,
				A69DA0EE268090F2001BA455 /* Products */,
			);
			sourceTree = "<group>";
		};
		A69DA0EE268090F2001BA455 /* Products */ = {
			isa = PBXGroup;
			children = (
				A69DA0ED268090F2001BA455 /* Wikipedia Deeplink.app */,
				A69DA103268090F4001BA455 /* Wikipedia DeeplinkTests.xctest */,
				A69DA10E268090F4001BA455 /* Wikipedia DeeplinkUITests.xctest */,
			);
			name = Products;
			sourceTree = "<group>";
		};
		A69DA0EF268090F2001BA455 /* Wikipedia Deeplink */ = {
			isa = PBXGroup;
			children = (
				A681EAED2681FB3E00FD625D /* WeakRef.swift */,
				A6EE3DB02680C8450046E5FE /* Model */,
				A69DA1212680956A001BA455 /* View */,
				A69DA0F0268090F2001BA455 /* AppDelegate.swift */,
				A69DA0F2268090F2001BA455 /* SceneDelegate.swift */,
				A69DA0F6268090F3001BA455 /* Assets.xcassets */,
				A69DA0FB268090F3001BA455 /* LaunchScreen.storyboard */,
				A69DA0FE268090F3001BA455 /* Info.plist */,
				A69DA0F8268090F3001BA455 /* Preview Content */,
			);
			path = "Wikipedia Deeplink";
			sourceTree = "<group>";
		};
		A69DA0F8268090F3001BA455 /* Preview Content */ = {
			isa = PBXGroup;
			children = (
				A69DA0F9268090F3001BA455 /* Preview Assets.xcassets */,
			);
			path = "Preview Content";
			sourceTree = "<group>";
		};
		A69DA106268090F4001BA455 /* Wikipedia DeeplinkTests */ = {
			isa = PBXGroup;
			children = (
				A681EAF62681FCBA00FD625D /* WeakRefTest.swift */,
				A681EAFC26820C9F00FD625D /* Model */,
				A69DA12F26809B9D001BA455 /* View */,
				A69DA107268090F4001BA455 /* Wikipedia_DeeplinkTests.swift */,
				A69DA109268090F4001BA455 /* Info.plist */,
				A681EAF82682050E00FD625D /* BarButtonItemTest.swift */,
			);
			path = "Wikipedia DeeplinkTests";
			sourceTree = "<group>";
		};
		A69DA111268090F4001BA455 /* Wikipedia DeeplinkUITests */ = {
			isa = PBXGroup;
			children = (
				A69DA112268090F4001BA455 /* Wikipedia_DeeplinkUITests.swift */,
				A69DA114268090F4001BA455 /* Info.plist */,
			);
			path = "Wikipedia DeeplinkUITests";
			sourceTree = "<group>";
		};
		A69DA1212680956A001BA455 /* View */ = {
			isa = PBXGroup;
			children = (
				A681EB05268216E300FD625D /* Router */,
				A681EADD2681DFF400FD625D /* UIKit Extensions */,
				A6EE3DBD268109730046E5FE /* Coordinates Form */,
				A6EE3DAA2680C7E30046E5FE /* Locations */,
				A69DA12726809846001BA455 /* Preview Helpers */,
				A681EAE32681E57400FD625D /* ViewControllerFactory.swift */,
				A681EAEB2681F16400FD625D /* RoutableNavigationController.swift */,
				A681EAEF2681FB7200FD625D /* WeakRef+NavigationController.swift */,
				A681EAFA2682055F00FD625D /* BarButtonItem.swift */,
			);
			path = View;
			sourceTree = "<group>";
		};
		A69DA12726809846001BA455 /* Preview Helpers */ = {
			isa = PBXGroup;
			children = (
				A69DA12826809854001BA455 /* ViewControllerRepresentable.swift */,
			);
			path = "Preview Helpers";
			sourceTree = "<group>";
		};
		A69DA12F26809B9D001BA455 /* View */ = {
			isa = PBXGroup;
			children = (
				A681EAF32681FC5300FD625D /* Helpers */,
				A681EAE02681E0FB00FD625D /* UIKit Extensions */,
				A6EE3DBE2681097C0046E5FE /* Coordinates Form */,
				A6EE3DAB2680C7F00046E5FE /* Locations */,
				A681EAD92681C9A100FD625D /* RouterTest.swift */,
				A681EAE52681E57E00FD625D /* ViewControllerFactoryTest.swift */,
				A681EAE92681F10200FD625D /* RoutableNavigationControllerTest.swift */,
				A681EAF12681FB9600FD625D /* WeakRef+NavigationControllerTest.swift */,
			);
			path = View;
			sourceTree = "<group>";
		};
		A6EE3DAA2680C7E30046E5FE /* Locations */ = {
			isa = PBXGroup;
			children = (
				A69DA1222680957E001BA455 /* LocationsViewController.swift */,
				A6EE3DB32680C8760046E5FE /* LocationsDataSource.swift */,
			);
			path = Locations;
			sourceTree = "<group>";
		};
		A6EE3DAB2680C7F00046E5FE /* Locations */ = {
			isa = PBXGroup;
			children = (
				A69DA13026809BA5001BA455 /* LocationsViewControllerTest.swift */,
				A6EE3DAC2680C7FF0046E5FE /* LocationsDataSourceTest.swift */,
			);
			path = Locations;
			sourceTree = "<group>";
		};
		A6EE3DB02680C8450046E5FE /* Model */ = {
			isa = PBXGroup;
			children = (
				A6EE3DB12680C84C0046E5FE /* Location.swift */,
				A681EAD72681C94D00FD625D /* Coordinate.swift */,
				A681EAE72681EACA00FD625D /* Store.swift */,
			);
			path = Model;
			sourceTree = "<group>";
		};
		A6EE3DBD268109730046E5FE /* Coordinates Form */ = {
			isa = PBXGroup;
			children = (
				A6EE3DC1268109BB0046E5FE /* CoordinatesFormViewController.swift */,
				A6EE3DC3268110DC0046E5FE /* CoordinatesFormViewController.xib */,
			);
			path = "Coordinates Form";
			sourceTree = "<group>";
		};
		A6EE3DBE2681097C0046E5FE /* Coordinates Form */ = {
			isa = PBXGroup;
			children = (
				A6EE3DBF2681098E0046E5FE /* CoordinatesFormViewControllerTest.swift */,
			);
			path = "Coordinates Form";
			sourceTree = "<group>";
		};
/* End PBXGroup section */

/* Begin PBXNativeTarget section */
		A69DA0EC268090F2001BA455 /* Wikipedia Deeplink */ = {
			isa = PBXNativeTarget;
			buildConfigurationList = A69DA117268090F4001BA455 /* Build configuration list for PBXNativeTarget "Wikipedia Deeplink" */;
			buildPhases = (
				A69DA0E9268090F2001BA455 /* Sources */,
				A69DA0EA268090F2001BA455 /* Frameworks */,
				A69DA0EB268090F2001BA455 /* Resources */,
			);
			buildRules = (
			);
			dependencies = (
			);
			name = "Wikipedia Deeplink";
			productName = "Wikipedia Deeplink";
			productReference = A69DA0ED268090F2001BA455 /* Wikipedia Deeplink.app */;
			productType = "com.apple.product-type.application";
		};
		A69DA102268090F4001BA455 /* Wikipedia DeeplinkTests */ = {
			isa = PBXNativeTarget;
			buildConfigurationList = A69DA11A268090F4001BA455 /* Build configuration list for PBXNativeTarget "Wikipedia DeeplinkTests" */;
			buildPhases = (
				A69DA0FF268090F4001BA455 /* Sources */,
				A69DA100268090F4001BA455 /* Frameworks */,
				A69DA101268090F4001BA455 /* Resources */,
			);
			buildRules = (
			);
			dependencies = (
				A69DA105268090F4001BA455 /* PBXTargetDependency */,
			);
			name = "Wikipedia DeeplinkTests";
			productName = "Wikipedia DeeplinkTests";
			productReference = A69DA103268090F4001BA455 /* Wikipedia DeeplinkTests.xctest */;
			productType = "com.apple.product-type.bundle.unit-test";
		};
		A69DA10D268090F4001BA455 /* Wikipedia DeeplinkUITests */ = {
			isa = PBXNativeTarget;
			buildConfigurationList = A69DA11D268090F4001BA455 /* Build configuration list for PBXNativeTarget "Wikipedia DeeplinkUITests" */;
			buildPhases = (
				A69DA10A268090F4001BA455 /* Sources */,
				A69DA10B268090F4001BA455 /* Frameworks */,
				A69DA10C268090F4001BA455 /* Resources */,
			);
			buildRules = (
			);
			dependencies = (
				A69DA110268090F4001BA455 /* PBXTargetDependency */,
			);
			name = "Wikipedia DeeplinkUITests";
			productName = "Wikipedia DeeplinkUITests";
			productReference = A69DA10E268090F4001BA455 /* Wikipedia DeeplinkUITests.xctest */;
			productType = "com.apple.product-type.bundle.ui-testing";
		};
/* End PBXNativeTarget section */

/* Begin PBXProject section */
		A69DA0E5268090F2001BA455 /* Project object */ = {
			isa = PBXProject;
			attributes = {
				LastSwiftUpdateCheck = 1250;
				LastUpgradeCheck = 1250;
				TargetAttributes = {
					A69DA0EC268090F2001BA455 = {
						CreatedOnToolsVersion = 12.5;
					};
					A69DA102268090F4001BA455 = {
						CreatedOnToolsVersion = 12.5;
						TestTargetID = A69DA0EC268090F2001BA455;
					};
					A69DA10D268090F4001BA455 = {
						CreatedOnToolsVersion = 12.5;
						TestTargetID = A69DA0EC268090F2001BA455;
					};
				};
			};
			buildConfigurationList = A69DA0E8268090F2001BA455 /* Build configuration list for PBXProject "Wikipedia Deeplink" */;
			compatibilityVersion = "Xcode 9.3";
			developmentRegion = en;
			hasScannedForEncodings = 0;
			knownRegions = (
				en,
				Base,
			);
			mainGroup = A69DA0E4268090F2001BA455;
			productRefGroup = A69DA0EE268090F2001BA455 /* Products */;
			projectDirPath = "";
			projectRoot = "";
			targets = (
				A69DA0EC268090F2001BA455 /* Wikipedia Deeplink */,
				A69DA102268090F4001BA455 /* Wikipedia DeeplinkTests */,
				A69DA10D268090F4001BA455 /* Wikipedia DeeplinkUITests */,
			);
		};
/* End PBXProject section */

/* Begin PBXResourcesBuildPhase section */
		A69DA0EB268090F2001BA455 /* Resources */ = {
			isa = PBXResourcesBuildPhase;
			buildActionMask = 2147483647;
			files = (
				A6EE3DC4268110DC0046E5FE /* CoordinatesFormViewController.xib in Resources */,
				A69DA0FD268090F3001BA455 /* LaunchScreen.storyboard in Resources */,
				A69DA0FA268090F3001BA455 /* Preview Assets.xcassets in Resources */,
				A69DA0F7268090F3001BA455 /* Assets.xcassets in Resources */,
			);
			runOnlyForDeploymentPostprocessing = 0;
		};
		A69DA101268090F4001BA455 /* Resources */ = {
			isa = PBXResourcesBuildPhase;
			buildActionMask = 2147483647;
			files = (
			);
			runOnlyForDeploymentPostprocessing = 0;
		};
		A69DA10C268090F4001BA455 /* Resources */ = {
			isa = PBXResourcesBuildPhase;
			buildActionMask = 2147483647;
			files = (
			);
			runOnlyForDeploymentPostprocessing = 0;
		};
/* End PBXResourcesBuildPhase section */

/* Begin PBXSourcesBuildPhase section */
		A69DA0E9268090F2001BA455 /* Sources */ = {
			isa = PBXSourcesBuildPhase;
			buildActionMask = 2147483647;
			files = (
				A681EAF02681FB7200FD625D /* WeakRef+NavigationController.swift in Sources */,
				A681EAEC2681F16400FD625D /* RoutableNavigationController.swift in Sources */,
				A681EADF2681E00400FD625D /* UINavigationController+NavigationController.swift in Sources */,
				A69DA0F1268090F2001BA455 /* AppDelegate.swift in Sources */,
				A6EE3DB42680C8760046E5FE /* LocationsDataSource.swift in Sources */,
				A69DA12926809854001BA455 /* ViewControllerRepresentable.swift in Sources */,
				A6EE3DC2268109BB0046E5FE /* CoordinatesFormViewController.swift in Sources */,
				A681EAD82681C94D00FD625D /* Coordinate.swift in Sources */,
				A681EAEE2681FB3E00FD625D /* WeakRef.swift in Sources */,
				A681EAE82681EACA00FD625D /* Store.swift in Sources */,
				A6EE3DB22680C84C0046E5FE /* Location.swift in Sources */,
				A681EADC2681C9CB00FD625D /* Router.swift in Sources */,
				A681EB092682170D00FD625D /* NavigationController.swift in Sources */,
				A681EAE42681E57400FD625D /* ViewControllerFactory.swift in Sources */,
				A69DA0F3268090F2001BA455 /* SceneDelegate.swift in Sources */,
				A681EB07268216F300FD625D /* Factory.swift in Sources */,
				A681EB0026820DD700FD625D /* UIApplication+Application.swift in Sources */,
				A681EAFB2682055F00FD625D /* BarButtonItem.swift in Sources */,
				A69DA1232680957E001BA455 /* LocationsViewController.swift in Sources */,
			);
			runOnlyForDeploymentPostprocessing = 0;
		};
		A69DA0FF268090F4001BA455 /* Sources */ = {
			isa = PBXSourcesBuildPhase;
			buildActionMask = 2147483647;
			files = (
				A681EAFE26820CA600FD625D /* StoreTest.swift in Sources */,
				A6EE3DC02681098E0046E5FE /* CoordinatesFormViewControllerTest.swift in Sources */,
				A681EAEA2681F10200FD625D /* RoutableNavigationControllerTest.swift in Sources */,
				A681EAE62681E57E00FD625D /* ViewControllerFactoryTest.swift in Sources */,
				A681EAF72681FCBA00FD625D /* WeakRefTest.swift in Sources */,
				A69DA108268090F4001BA455 /* Wikipedia_DeeplinkTests.swift in Sources */,
				A681EADA2681C9A100FD625D /* RouterTest.swift in Sources */,
				A681EAF22681FB9600FD625D /* WeakRef+NavigationControllerTest.swift in Sources */,
				A681EAF52681FC5E00FD625D /* NavigationControllerSpy.swift in Sources */,
				A681EB0226820ED600FD625D /* ApplicationSpy.swift in Sources */,
				A681EAE22681E10600FD625D /* UINavigationController+NavigationControllerTest.swift in Sources */,
				A69DA13126809BA5001BA455 /* LocationsViewControllerTest.swift in Sources */,
				A681EAF92682050E00FD625D /* BarButtonItemTest.swift in Sources */,
				A6EE3DAD2680C7FF0046E5FE /* LocationsDataSourceTest.swift in Sources */,
			);
			runOnlyForDeploymentPostprocessing = 0;
		};
		A69DA10A268090F4001BA455 /* Sources */ = {
			isa = PBXSourcesBuildPhase;
			buildActionMask = 2147483647;
			files = (
				A69DA113268090F4001BA455 /* Wikipedia_DeeplinkUITests.swift in Sources */,
			);
			runOnlyForDeploymentPostprocessing = 0;
		};
/* End PBXSourcesBuildPhase section */

/* Begin PBXTargetDependency section */
		A69DA105268090F4001BA455 /* PBXTargetDependency */ = {
			isa = PBXTargetDependency;
			target = A69DA0EC268090F2001BA455 /* Wikipedia Deeplink */;
			targetProxy = A69DA104268090F4001BA455 /* PBXContainerItemProxy */;
		};
		A69DA110268090F4001BA455 /* PBXTargetDependency */ = {
			isa = PBXTargetDependency;
			target = A69DA0EC268090F2001BA455 /* Wikipedia Deeplink */;
			targetProxy = A69DA10F268090F4001BA455 /* PBXContainerItemProxy */;
		};
/* End PBXTargetDependency section */

/* Begin PBXVariantGroup section */
		A69DA0FB268090F3001BA455 /* LaunchScreen.storyboard */ = {
			isa = PBXVariantGroup;
			children = (
				A69DA0FC268090F3001BA455 /* Base */,
			);
			name = LaunchScreen.storyboard;
			sourceTree = "<group>";
		};
/* End PBXVariantGroup section */

/* Begin XCBuildConfiguration section */
		A69DA115268090F4001BA455 /* Debug */ = {
			isa = XCBuildConfiguration;
			buildSettings = {
				ALWAYS_SEARCH_USER_PATHS = NO;
				CLANG_ANALYZER_NONNULL = YES;
				CLANG_ANALYZER_NUMBER_OBJECT_CONVERSION = YES_AGGRESSIVE;
				CLANG_CXX_LANGUAGE_STANDARD = "gnu++14";
				CLANG_CXX_LIBRARY = "libc++";
				CLANG_ENABLE_MODULES = YES;
				CLANG_ENABLE_OBJC_ARC = YES;
				CLANG_ENABLE_OBJC_WEAK = YES;
				CLANG_WARN_BLOCK_CAPTURE_AUTORELEASING = YES;
				CLANG_WARN_BOOL_CONVERSION = YES;
				CLANG_WARN_COMMA = YES;
				CLANG_WARN_CONSTANT_CONVERSION = YES;
				CLANG_WARN_DEPRECATED_OBJC_IMPLEMENTATIONS = YES;
				CLANG_WARN_DIRECT_OBJC_ISA_USAGE = YES_ERROR;
				CLANG_WARN_DOCUMENTATION_COMMENTS = YES;
				CLANG_WARN_EMPTY_BODY = YES;
				CLANG_WARN_ENUM_CONVERSION = YES;
				CLANG_WARN_INFINITE_RECURSION = YES;
				CLANG_WARN_INT_CONVERSION = YES;
				CLANG_WARN_NON_LITERAL_NULL_CONVERSION = YES;
				CLANG_WARN_OBJC_IMPLICIT_RETAIN_SELF = YES;
				CLANG_WARN_OBJC_LITERAL_CONVERSION = YES;
				CLANG_WARN_OBJC_ROOT_CLASS = YES_ERROR;
				CLANG_WARN_QUOTED_INCLUDE_IN_FRAMEWORK_HEADER = YES;
				CLANG_WARN_RANGE_LOOP_ANALYSIS = YES;
				CLANG_WARN_STRICT_PROTOTYPES = YES;
				CLANG_WARN_SUSPICIOUS_MOVE = YES;
				CLANG_WARN_UNGUARDED_AVAILABILITY = YES_AGGRESSIVE;
				CLANG_WARN_UNREACHABLE_CODE = YES;
				CLANG_WARN__DUPLICATE_METHOD_MATCH = YES;
				COPY_PHASE_STRIP = NO;
				DEBUG_INFORMATION_FORMAT = dwarf;
				ENABLE_STRICT_OBJC_MSGSEND = YES;
				ENABLE_TESTABILITY = YES;
				GCC_C_LANGUAGE_STANDARD = gnu11;
				GCC_DYNAMIC_NO_PIC = NO;
				GCC_NO_COMMON_BLOCKS = YES;
				GCC_OPTIMIZATION_LEVEL = 0;
				GCC_PREPROCESSOR_DEFINITIONS = (
					"DEBUG=1",
					"$(inherited)",
				);
				GCC_WARN_64_TO_32_BIT_CONVERSION = YES;
				GCC_WARN_ABOUT_RETURN_TYPE = YES_ERROR;
				GCC_WARN_UNDECLARED_SELECTOR = YES;
				GCC_WARN_UNINITIALIZED_AUTOS = YES_AGGRESSIVE;
				GCC_WARN_UNUSED_FUNCTION = YES;
				GCC_WARN_UNUSED_VARIABLE = YES;
				IPHONEOS_DEPLOYMENT_TARGET = 14.5;
				MTL_ENABLE_DEBUG_INFO = INCLUDE_SOURCE;
				MTL_FAST_MATH = YES;
				ONLY_ACTIVE_ARCH = YES;
				SDKROOT = iphoneos;
				SWIFT_ACTIVE_COMPILATION_CONDITIONS = DEBUG;
				SWIFT_OPTIMIZATION_LEVEL = "-Onone";
			};
			name = Debug;
		};
		A69DA116268090F4001BA455 /* Release */ = {
			isa = XCBuildConfiguration;
			buildSettings = {
				ALWAYS_SEARCH_USER_PATHS = NO;
				CLANG_ANALYZER_NONNULL = YES;
				CLANG_ANALYZER_NUMBER_OBJECT_CONVERSION = YES_AGGRESSIVE;
				CLANG_CXX_LANGUAGE_STANDARD = "gnu++14";
				CLANG_CXX_LIBRARY = "libc++";
				CLANG_ENABLE_MODULES = YES;
				CLANG_ENABLE_OBJC_ARC = YES;
				CLANG_ENABLE_OBJC_WEAK = YES;
				CLANG_WARN_BLOCK_CAPTURE_AUTORELEASING = YES;
				CLANG_WARN_BOOL_CONVERSION = YES;
				CLANG_WARN_COMMA = YES;
				CLANG_WARN_CONSTANT_CONVERSION = YES;
				CLANG_WARN_DEPRECATED_OBJC_IMPLEMENTATIONS = YES;
				CLANG_WARN_DIRECT_OBJC_ISA_USAGE = YES_ERROR;
				CLANG_WARN_DOCUMENTATION_COMMENTS = YES;
				CLANG_WARN_EMPTY_BODY = YES;
				CLANG_WARN_ENUM_CONVERSION = YES;
				CLANG_WARN_INFINITE_RECURSION = YES;
				CLANG_WARN_INT_CONVERSION = YES;
				CLANG_WARN_NON_LITERAL_NULL_CONVERSION = YES;
				CLANG_WARN_OBJC_IMPLICIT_RETAIN_SELF = YES;
				CLANG_WARN_OBJC_LITERAL_CONVERSION = YES;
				CLANG_WARN_OBJC_ROOT_CLASS = YES_ERROR;
				CLANG_WARN_QUOTED_INCLUDE_IN_FRAMEWORK_HEADER = YES;
				CLANG_WARN_RANGE_LOOP_ANALYSIS = YES;
				CLANG_WARN_STRICT_PROTOTYPES = YES;
				CLANG_WARN_SUSPICIOUS_MOVE = YES;
				CLANG_WARN_UNGUARDED_AVAILABILITY = YES_AGGRESSIVE;
				CLANG_WARN_UNREACHABLE_CODE = YES;
				CLANG_WARN__DUPLICATE_METHOD_MATCH = YES;
				COPY_PHASE_STRIP = NO;
				DEBUG_INFORMATION_FORMAT = "dwarf-with-dsym";
				ENABLE_NS_ASSERTIONS = NO;
				ENABLE_STRICT_OBJC_MSGSEND = YES;
				GCC_C_LANGUAGE_STANDARD = gnu11;
				GCC_NO_COMMON_BLOCKS = YES;
				GCC_WARN_64_TO_32_BIT_CONVERSION = YES;
				GCC_WARN_ABOUT_RETURN_TYPE = YES_ERROR;
				GCC_WARN_UNDECLARED_SELECTOR = YES;
				GCC_WARN_UNINITIALIZED_AUTOS = YES_AGGRESSIVE;
				GCC_WARN_UNUSED_FUNCTION = YES;
				GCC_WARN_UNUSED_VARIABLE = YES;
				IPHONEOS_DEPLOYMENT_TARGET = 14.5;
				MTL_ENABLE_DEBUG_INFO = NO;
				MTL_FAST_MATH = YES;
				SDKROOT = iphoneos;
				SWIFT_COMPILATION_MODE = wholemodule;
				SWIFT_OPTIMIZATION_LEVEL = "-O";
				VALIDATE_PRODUCT = YES;
			};
			name = Release;
		};
		A69DA118268090F4001BA455 /* Debug */ = {
			isa = XCBuildConfiguration;
			buildSettings = {
				ASSETCATALOG_COMPILER_APPICON_NAME = AppIcon;
				ASSETCATALOG_COMPILER_GLOBAL_ACCENT_COLOR_NAME = AccentColor;
				CODE_SIGN_STYLE = Automatic;
				DEVELOPMENT_ASSET_PATHS = "\"Wikipedia Deeplink/Preview Content\"";
				DEVELOPMENT_TEAM = D83H87UGV3;
				ENABLE_PREVIEWS = YES;
				INFOPLIST_FILE = "Wikipedia Deeplink/Info.plist";
				LD_RUNPATH_SEARCH_PATHS = (
					"$(inherited)",
					"@executable_path/Frameworks",
				);
				PRODUCT_BUNDLE_IDENTIFIER = "nl.combidi.Wikipedia-Deeplink";
				PRODUCT_NAME = "$(TARGET_NAME)";
				SWIFT_VERSION = 5.0;
				TARGETED_DEVICE_FAMILY = "1,2";
			};
			name = Debug;
		};
		A69DA119268090F4001BA455 /* Release */ = {
			isa = XCBuildConfiguration;
			buildSettings = {
				ASSETCATALOG_COMPILER_APPICON_NAME = AppIcon;
				ASSETCATALOG_COMPILER_GLOBAL_ACCENT_COLOR_NAME = AccentColor;
				CODE_SIGN_STYLE = Automatic;
				DEVELOPMENT_ASSET_PATHS = "\"Wikipedia Deeplink/Preview Content\"";
				DEVELOPMENT_TEAM = D83H87UGV3;
				ENABLE_PREVIEWS = YES;
				INFOPLIST_FILE = "Wikipedia Deeplink/Info.plist";
				LD_RUNPATH_SEARCH_PATHS = (
					"$(inherited)",
					"@executable_path/Frameworks",
				);
				PRODUCT_BUNDLE_IDENTIFIER = "nl.combidi.Wikipedia-Deeplink";
				PRODUCT_NAME = "$(TARGET_NAME)";
				SWIFT_VERSION = 5.0;
				TARGETED_DEVICE_FAMILY = "1,2";
			};
			name = Release;
		};
		A69DA11B268090F4001BA455 /* Debug */ = {
			isa = XCBuildConfiguration;
			buildSettings = {
				ALWAYS_EMBED_SWIFT_STANDARD_LIBRARIES = YES;
				BUNDLE_LOADER = "$(TEST_HOST)";
				CODE_SIGN_STYLE = Automatic;
				DEVELOPMENT_TEAM = D83H87UGV3;
				INFOPLIST_FILE = "Wikipedia DeeplinkTests/Info.plist";
				IPHONEOS_DEPLOYMENT_TARGET = 14.5;
				LD_RUNPATH_SEARCH_PATHS = (
					"$(inherited)",
					"@executable_path/Frameworks",
					"@loader_path/Frameworks",
				);
				PRODUCT_BUNDLE_IDENTIFIER = "nl.combidi.Wikipedia-DeeplinkTests";
				PRODUCT_NAME = "$(TARGET_NAME)";
				SWIFT_VERSION = 5.0;
				TARGETED_DEVICE_FAMILY = "1,2";
				TEST_HOST = "$(BUILT_PRODUCTS_DIR)/Wikipedia Deeplink.app/Wikipedia Deeplink";
			};
			name = Debug;
		};
		A69DA11C268090F4001BA455 /* Release */ = {
			isa = XCBuildConfiguration;
			buildSettings = {
				ALWAYS_EMBED_SWIFT_STANDARD_LIBRARIES = YES;
				BUNDLE_LOADER = "$(TEST_HOST)";
				CODE_SIGN_STYLE = Automatic;
				DEVELOPMENT_TEAM = D83H87UGV3;
				INFOPLIST_FILE = "Wikipedia DeeplinkTests/Info.plist";
				IPHONEOS_DEPLOYMENT_TARGET = 14.5;
				LD_RUNPATH_SEARCH_PATHS = (
					"$(inherited)",
					"@executable_path/Frameworks",
					"@loader_path/Frameworks",
				);
				PRODUCT_BUNDLE_IDENTIFIER = "nl.combidi.Wikipedia-DeeplinkTests";
				PRODUCT_NAME = "$(TARGET_NAME)";
				SWIFT_VERSION = 5.0;
				TARGETED_DEVICE_FAMILY = "1,2";
				TEST_HOST = "$(BUILT_PRODUCTS_DIR)/Wikipedia Deeplink.app/Wikipedia Deeplink";
			};
			name = Release;
		};
		A69DA11E268090F4001BA455 /* Debug */ = {
			isa = XCBuildConfiguration;
			buildSettings = {
				ALWAYS_EMBED_SWIFT_STANDARD_LIBRARIES = YES;
				CODE_SIGN_STYLE = Automatic;
				DEVELOPMENT_TEAM = D83H87UGV3;
				INFOPLIST_FILE = "Wikipedia DeeplinkUITests/Info.plist";
				LD_RUNPATH_SEARCH_PATHS = (
					"$(inherited)",
					"@executable_path/Frameworks",
					"@loader_path/Frameworks",
				);
				PRODUCT_BUNDLE_IDENTIFIER = "nl.combidi.Wikipedia-DeeplinkUITests";
				PRODUCT_NAME = "$(TARGET_NAME)";
				SWIFT_VERSION = 5.0;
				TARGETED_DEVICE_FAMILY = "1,2";
				TEST_TARGET_NAME = "Wikipedia Deeplink";
			};
			name = Debug;
		};
		A69DA11F268090F4001BA455 /* Release */ = {
			isa = XCBuildConfiguration;
			buildSettings = {
				ALWAYS_EMBED_SWIFT_STANDARD_LIBRARIES = YES;
				CODE_SIGN_STYLE = Automatic;
				DEVELOPMENT_TEAM = D83H87UGV3;
				INFOPLIST_FILE = "Wikipedia DeeplinkUITests/Info.plist";
				LD_RUNPATH_SEARCH_PATHS = (
					"$(inherited)",
					"@executable_path/Frameworks",
					"@loader_path/Frameworks",
				);
				PRODUCT_BUNDLE_IDENTIFIER = "nl.combidi.Wikipedia-DeeplinkUITests";
				PRODUCT_NAME = "$(TARGET_NAME)";
				SWIFT_VERSION = 5.0;
				TARGETED_DEVICE_FAMILY = "1,2";
				TEST_TARGET_NAME = "Wikipedia Deeplink";
			};
			name = Release;
		};
/* End XCBuildConfiguration section */

/* Begin XCConfigurationList section */
		A69DA0E8268090F2001BA455 /* Build configuration list for PBXProject "Wikipedia Deeplink" */ = {
			isa = XCConfigurationList;
			buildConfigurations = (
				A69DA115268090F4001BA455 /* Debug */,
				A69DA116268090F4001BA455 /* Release */,
			);
			defaultConfigurationIsVisible = 0;
			defaultConfigurationName = Release;
		};
		A69DA117268090F4001BA455 /* Build configuration list for PBXNativeTarget "Wikipedia Deeplink" */ = {
			isa = XCConfigurationList;
			buildConfigurations = (
				A69DA118268090F4001BA455 /* Debug */,
				A69DA119268090F4001BA455 /* Release */,
			);
			defaultConfigurationIsVisible = 0;
			defaultConfigurationName = Release;
		};
		A69DA11A268090F4001BA455 /* Build configuration list for PBXNativeTarget "Wikipedia DeeplinkTests" */ = {
			isa = XCConfigurationList;
			buildConfigurations = (
				A69DA11B268090F4001BA455 /* Debug */,
				A69DA11C268090F4001BA455 /* Release */,
			);
			defaultConfigurationIsVisible = 0;
			defaultConfigurationName = Release;
		};
		A69DA11D268090F4001BA455 /* Build configuration list for PBXNativeTarget "Wikipedia DeeplinkUITests" */ = {
			isa = XCConfigurationList;
			buildConfigurations = (
				A69DA11E268090F4001BA455 /* Debug */,
				A69DA11F268090F4001BA455 /* Release */,
			);
			defaultConfigurationIsVisible = 0;
			defaultConfigurationName = Release;
		};
/* End XCConfigurationList section */
	};
	rootObject = A69DA0E5268090F2001BA455 /* Project object */;
}
